// !$*UTF8*$!
{
	archiveVersion = 1;
	classes = {
	};
	objectVersion = 46;
	objects = {

/* Begin PBXBuildFile section */
		5B1F8DA61CA0488E0036764D /* DatabaseQueue.m in Sources */ = {isa = PBXBuildFile; fileRef = 5B1F8DA51CA0488E0036764D /* DatabaseQueue.m */; };
		5B1F8DA91CA057780036764D /* Database+Transaction.m in Sources */ = {isa = PBXBuildFile; fileRef = 5B1F8DA81CA057780036764D /* Database+Transaction.m */; };
		5B1F8DB01CA189E70036764D /* Record.m in Sources */ = {isa = PBXBuildFile; fileRef = 5B1F8DAF1CA189E70036764D /* Record.m */; };
		5B1F8DB31CA189FE0036764D /* Record+DDL.m in Sources */ = {isa = PBXBuildFile; fileRef = 5B1F8DB21CA189FE0036764D /* Record+DDL.m */; };
		5B1F8DB61CA18A140036764D /* Record+DML.m in Sources */ = {isa = PBXBuildFile; fileRef = 5B1F8DB51CA18A140036764D /* Record+DML.m */; };
		5B1F8DB91CA18A200036764D /* Record+DQL.m in Sources */ = {isa = PBXBuildFile; fileRef = 5B1F8DB81CA18A200036764D /* Record+DQL.m */; };
		5B1F8DBD1CA18D9A0036764D /* DatabaseDAO.m in Sources */ = {isa = PBXBuildFile; fileRef = 5B1F8DBC1CA18D9A0036764D /* DatabaseDAO.m */; };
		5B1F8DC41CA19F760036764D /* Person.m in Sources */ = {isa = PBXBuildFile; fileRef = 5B1F8DC31CA19F760036764D /* Person.m */; };
		5B1F8DCB1CA2B3390036764D /* NSObject+Record.m in Sources */ = {isa = PBXBuildFile; fileRef = 5B1F8DCA1CA2B3390036764D /* NSObject+Record.m */; };
		5B25540D1CA2F29A004A5D74 /* Record+Additions.m in Sources */ = {isa = PBXBuildFile; fileRef = 5B25540C1CA2F29A004A5D74 /* Record+Additions.m */; };
		5B5223951C9FE30A0059875B /* main.m in Sources */ = {isa = PBXBuildFile; fileRef = 5B5223941C9FE30A0059875B /* main.m */; };
		5B5223981C9FE30A0059875B /* AppDelegate.m in Sources */ = {isa = PBXBuildFile; fileRef = 5B5223971C9FE30A0059875B /* AppDelegate.m */; };
		5B52239B1C9FE30A0059875B /* ViewController.m in Sources */ = {isa = PBXBuildFile; fileRef = 5B52239A1C9FE30A0059875B /* ViewController.m */; };
		5B52239E1C9FE30A0059875B /* Main.storyboard in Resources */ = {isa = PBXBuildFile; fileRef = 5B52239C1C9FE30A0059875B /* Main.storyboard */; };
		5B5223A01C9FE30A0059875B /* Assets.xcassets in Resources */ = {isa = PBXBuildFile; fileRef = 5B52239F1C9FE30A0059875B /* Assets.xcassets */; };
		5B5223A31C9FE30A0059875B /* LaunchScreen.storyboard in Resources */ = {isa = PBXBuildFile; fileRef = 5B5223A11C9FE30A0059875B /* LaunchScreen.storyboard */; };
		5B5223AD1C9FE8180059875B /* Database.m in Sources */ = {isa = PBXBuildFile; fileRef = 5B5223AC1C9FE8180059875B /* Database.m */; };
		5B5223AF1C9FE83B0059875B /* libsqlite3.0.tbd in Frameworks */ = {isa = PBXBuildFile; fileRef = 5B5223AE1C9FE83B0059875B /* libsqlite3.0.tbd */; };
/* End PBXBuildFile section */

/* Begin PBXFileReference section */
		5B1F8DA41CA0488E0036764D /* DatabaseQueue.h */ = {isa = PBXFileReference; fileEncoding = 4; lastKnownFileType = sourcecode.c.h; path = DatabaseQueue.h; sourceTree = "<group>"; };
		5B1F8DA51CA0488E0036764D /* DatabaseQueue.m */ = {isa = PBXFileReference; fileEncoding = 4; lastKnownFileType = sourcecode.c.objc; path = DatabaseQueue.m; sourceTree = "<group>"; };
		5B1F8DA71CA057780036764D /* Database+Transaction.h */ = {isa = PBXFileReference; fileEncoding = 4; lastKnownFileType = sourcecode.c.h; path = "Database+Transaction.h"; sourceTree = "<group>"; };
		5B1F8DA81CA057780036764D /* Database+Transaction.m */ = {isa = PBXFileReference; fileEncoding = 4; lastKnownFileType = sourcecode.c.objc; path = "Database+Transaction.m"; sourceTree = "<group>"; };
		5B1F8DAE1CA189E70036764D /* Record.h */ = {isa = PBXFileReference; fileEncoding = 4; lastKnownFileType = sourcecode.c.h; path = Record.h; sourceTree = "<group>"; };
		5B1F8DAF1CA189E70036764D /* Record.m */ = {isa = PBXFileReference; fileEncoding = 4; lastKnownFileType = sourcecode.c.objc; path = Record.m; sourceTree = "<group>"; };
		5B1F8DB11CA189FE0036764D /* Record+DDL.h */ = {isa = PBXFileReference; fileEncoding = 4; lastKnownFileType = sourcecode.c.h; path = "Record+DDL.h"; sourceTree = "<group>"; };
		5B1F8DB21CA189FE0036764D /* Record+DDL.m */ = {isa = PBXFileReference; fileEncoding = 4; lastKnownFileType = sourcecode.c.objc; path = "Record+DDL.m"; sourceTree = "<group>"; };
		5B1F8DB41CA18A140036764D /* Record+DML.h */ = {isa = PBXFileReference; fileEncoding = 4; lastKnownFileType = sourcecode.c.h; path = "Record+DML.h"; sourceTree = "<group>"; };
		5B1F8DB51CA18A140036764D /* Record+DML.m */ = {isa = PBXFileReference; fileEncoding = 4; lastKnownFileType = sourcecode.c.objc; path = "Record+DML.m"; sourceTree = "<group>"; };
		5B1F8DB71CA18A200036764D /* Record+DQL.h */ = {isa = PBXFileReference; fileEncoding = 4; lastKnownFileType = sourcecode.c.h; path = "Record+DQL.h"; sourceTree = "<group>"; };
		5B1F8DB81CA18A200036764D /* Record+DQL.m */ = {isa = PBXFileReference; fileEncoding = 4; lastKnownFileType = sourcecode.c.objc; path = "Record+DQL.m"; sourceTree = "<group>"; };
		5B1F8DBB1CA18D9A0036764D /* DatabaseDAO.h */ = {isa = PBXFileReference; fileEncoding = 4; lastKnownFileType = sourcecode.c.h; path = DatabaseDAO.h; sourceTree = "<group>"; };
		5B1F8DBC1CA18D9A0036764D /* DatabaseDAO.m */ = {isa = PBXFileReference; fileEncoding = 4; lastKnownFileType = sourcecode.c.objc; path = DatabaseDAO.m; sourceTree = "<group>"; };
		5B1F8DC21CA19F760036764D /* Person.h */ = {isa = PBXFileReference; fileEncoding = 4; lastKnownFileType = sourcecode.c.h; path = Person.h; sourceTree = "<group>"; };
		5B1F8DC31CA19F760036764D /* Person.m */ = {isa = PBXFileReference; fileEncoding = 4; lastKnownFileType = sourcecode.c.objc; path = Person.m; sourceTree = "<group>"; };
		5B1F8DC81CA23FE40036764D /* RecordHeader.h */ = {isa = PBXFileReference; lastKnownFileType = sourcecode.c.h; path = RecordHeader.h; sourceTree = "<group>"; };
		5B1F8DC91CA2B3390036764D /* NSObject+Record.h */ = {isa = PBXFileReference; fileEncoding = 4; lastKnownFileType = sourcecode.c.h; path = "NSObject+Record.h"; sourceTree = "<group>"; };
		5B1F8DCA1CA2B3390036764D /* NSObject+Record.m */ = {isa = PBXFileReference; fileEncoding = 4; lastKnownFileType = sourcecode.c.objc; path = "NSObject+Record.m"; sourceTree = "<group>"; };
		5B25540B1CA2F29A004A5D74 /* Record+Additions.h */ = {isa = PBXFileReference; fileEncoding = 4; lastKnownFileType = sourcecode.c.h; path = "Record+Additions.h"; sourceTree = "<group>"; };
		5B25540C1CA2F29A004A5D74 /* Record+Additions.m */ = {isa = PBXFileReference; fileEncoding = 4; lastKnownFileType = sourcecode.c.objc; path = "Record+Additions.m"; sourceTree = "<group>"; };
		5B5223901C9FE30A0059875B /* Database.app */ = {isa = PBXFileReference; explicitFileType = wrapper.application; includeInIndex = 0; path = Database.app; sourceTree = BUILT_PRODUCTS_DIR; };
		5B5223941C9FE30A0059875B /* main.m */ = {isa = PBXFileReference; lastKnownFileType = sourcecode.c.objc; path = main.m; sourceTree = "<group>"; };
		5B5223961C9FE30A0059875B /* AppDelegate.h */ = {isa = PBXFileReference; lastKnownFileType = sourcecode.c.h; path = AppDelegate.h; sourceTree = "<group>"; };
		5B5223971C9FE30A0059875B /* AppDelegate.m */ = {isa = PBXFileReference; lastKnownFileType = sourcecode.c.objc; path = AppDelegate.m; sourceTree = "<group>"; };
		5B5223991C9FE30A0059875B /* ViewController.h */ = {isa = PBXFileReference; lastKnownFileType = sourcecode.c.h; path = ViewController.h; sourceTree = "<group>"; };
		5B52239A1C9FE30A0059875B /* ViewController.m */ = {isa = PBXFileReference; lastKnownFileType = sourcecode.c.objc; path = ViewController.m; sourceTree = "<group>"; };
		5B52239D1C9FE30A0059875B /* Base */ = {isa = PBXFileReference; lastKnownFileType = file.storyboard; name = Base; path = Base.lproj/Main.storyboard; sourceTree = "<group>"; };
		5B52239F1C9FE30A0059875B /* Assets.xcassets */ = {isa = PBXFileReference; lastKnownFileType = folder.assetcatalog; path = Assets.xcassets; sourceTree = "<group>"; };
		5B5223A21C9FE30A0059875B /* Base */ = {isa = PBXFileReference; lastKnownFileType = file.storyboard; name = Base; path = Base.lproj/LaunchScreen.storyboard; sourceTree = "<group>"; };
		5B5223A41C9FE30A0059875B /* Info.plist */ = {isa = PBXFileReference; lastKnownFileType = text.plist.xml; path = Info.plist; sourceTree = "<group>"; };
		5B5223AB1C9FE8180059875B /* Database.h */ = {isa = PBXFileReference; fileEncoding = 4; lastKnownFileType = sourcecode.c.h; path = Database.h; sourceTree = "<group>"; };
		5B5223AC1C9FE8180059875B /* Database.m */ = {isa = PBXFileReference; fileEncoding = 4; lastKnownFileType = sourcecode.c.objc; path = Database.m; sourceTree = "<group>"; };
		5B5223AE1C9FE83B0059875B /* libsqlite3.0.tbd */ = {isa = PBXFileReference; lastKnownFileType = "sourcecode.text-based-dylib-definition"; name = libsqlite3.0.tbd; path = usr/lib/libsqlite3.0.tbd; sourceTree = SDKROOT; };
/* End PBXFileReference section */

/* Begin PBXFrameworksBuildPhase section */
		5B52238D1C9FE30A0059875B /* Frameworks */ = {
			isa = PBXFrameworksBuildPhase;
			buildActionMask = 2147483647;
			files = (
				5B5223AF1C9FE83B0059875B /* libsqlite3.0.tbd in Frameworks */,
			);
			runOnlyForDeploymentPostprocessing = 0;
		};
/* End PBXFrameworksBuildPhase section */

/* Begin PBXGroup section */
		5B1F8DAD1CA1899E0036764D /* Record */ = {
			isa = PBXGroup;
			children = (
				5B1F8DC81CA23FE40036764D /* RecordHeader.h */,
				5B1F8DAE1CA189E70036764D /* Record.h */,
				5B1F8DAF1CA189E70036764D /* Record.m */,
				5B1F8DB11CA189FE0036764D /* Record+DDL.h */,
				5B1F8DB21CA189FE0036764D /* Record+DDL.m */,
				5B1F8DB41CA18A140036764D /* Record+DML.h */,
				5B1F8DB51CA18A140036764D /* Record+DML.m */,
				5B1F8DB71CA18A200036764D /* Record+DQL.h */,
				5B1F8DB81CA18A200036764D /* Record+DQL.m */,
				5B25540B1CA2F29A004A5D74 /* Record+Additions.h */,
				5B25540C1CA2F29A004A5D74 /* Record+Additions.m */,
				5B1F8DC91CA2B3390036764D /* NSObject+Record.h */,
				5B1F8DCA1CA2B3390036764D /* NSObject+Record.m */,
			);
			path = Record;
			sourceTree = "<group>";
		};
		5B1F8DBA1CA18D6D0036764D /* DAO */ = {
			isa = PBXGroup;
			children = (
				5B1F8DBB1CA18D9A0036764D /* DatabaseDAO.h */,
				5B1F8DBC1CA18D9A0036764D /* DatabaseDAO.m */,
			);
			path = DAO;
			sourceTree = "<group>";
		};
		5B5223871C9FE30A0059875B = {
			isa = PBXGroup;
			children = (
				5B5223921C9FE30A0059875B /* Database */,
				5B5223911C9FE30A0059875B /* Products */,
			);
			sourceTree = "<group>";
		};
		5B5223911C9FE30A0059875B /* Products */ = {
			isa = PBXGroup;
			children = (
				5B5223901C9FE30A0059875B /* Database.app */,
			);
			name = Products;
			sourceTree = "<group>";
		};
		5B5223921C9FE30A0059875B /* Database */ = {
			isa = PBXGroup;
			children = (
				5B5223AA1C9FE79F0059875B /* Database */,
				5B5223961C9FE30A0059875B /* AppDelegate.h */,
				5B5223971C9FE30A0059875B /* AppDelegate.m */,
				5B5223991C9FE30A0059875B /* ViewController.h */,
				5B52239A1C9FE30A0059875B /* ViewController.m */,
				5B1F8DC21CA19F760036764D /* Person.h */,
				5B1F8DC31CA19F760036764D /* Person.m */,
				5B52239C1C9FE30A0059875B /* Main.storyboard */,
				5B52239F1C9FE30A0059875B /* Assets.xcassets */,
				5B5223A11C9FE30A0059875B /* LaunchScreen.storyboard */,
				5B5223A41C9FE30A0059875B /* Info.plist */,
				5B5223AE1C9FE83B0059875B /* libsqlite3.0.tbd */,
				5B5223931C9FE30A0059875B /* Supporting Files */,
			);
			path = Database;
			sourceTree = "<group>";
		};
		5B5223931C9FE30A0059875B /* Supporting Files */ = {
			isa = PBXGroup;
			children = (
				5B5223941C9FE30A0059875B /* main.m */,
			);
			name = "Supporting Files";
			sourceTree = "<group>";
		};
		5B5223AA1C9FE79F0059875B /* Database */ = {
			isa = PBXGroup;
			children = (
				5B5223AB1C9FE8180059875B /* Database.h */,
				5B5223AC1C9FE8180059875B /* Database.m */,
				5B1F8DA71CA057780036764D /* Database+Transaction.h */,
				5B1F8DA81CA057780036764D /* Database+Transaction.m */,
				5B1F8DA41CA0488E0036764D /* DatabaseQueue.h */,
				5B1F8DA51CA0488E0036764D /* DatabaseQueue.m */,
				5B1F8DBA1CA18D6D0036764D /* DAO */,
				5B1F8DAD1CA1899E0036764D /* Record */,
			);
			path = Database;
			sourceTree = "<group>";
		};
/* End PBXGroup section */

/* Begin PBXNativeTarget section */
		5B52238F1C9FE30A0059875B /* Database */ = {
			isa = PBXNativeTarget;
			buildConfigurationList = 5B5223A71C9FE30A0059875B /* Build configuration list for PBXNativeTarget "Database" */;
			buildPhases = (
				5B52238C1C9FE30A0059875B /* Sources */,
				5B52238D1C9FE30A0059875B /* Frameworks */,
				5B52238E1C9FE30A0059875B /* Resources */,
			);
			buildRules = (
			);
			dependencies = (
			);
			name = Database;
			productName = Database;
			productReference = 5B5223901C9FE30A0059875B /* Database.app */;
			productType = "com.apple.product-type.application";
		};
/* End PBXNativeTarget section */

/* Begin PBXProject section */
		5B5223881C9FE30A0059875B /* Project object */ = {
			isa = PBXProject;
			attributes = {
				LastUpgradeCheck = 0720;
				ORGANIZATIONNAME = PingAn;
				TargetAttributes = {
					5B52238F1C9FE30A0059875B = {
						CreatedOnToolsVersion = 7.2;
					};
				};
			};
			buildConfigurationList = 5B52238B1C9FE30A0059875B /* Build configuration list for PBXProject "Database" */;
			compatibilityVersion = "Xcode 3.2";
			developmentRegion = English;
			hasScannedForEncodings = 0;
			knownRegions = (
				en,
				Base,
			);
			mainGroup = 5B5223871C9FE30A0059875B;
			productRefGroup = 5B5223911C9FE30A0059875B /* Products */;
			projectDirPath = "";
			projectRoot = "";
			targets = (
				5B52238F1C9FE30A0059875B /* Database */,
			);
		};
/* End PBXProject section */

/* Begin PBXResourcesBuildPhase section */
		5B52238E1C9FE30A0059875B /* Resources */ = {
			isa = PBXResourcesBuildPhase;
			buildActionMask = 2147483647;
			files = (
				5B5223A31C9FE30A0059875B /* LaunchScreen.storyboard in Resources */,
				5B5223A01C9FE30A0059875B /* Assets.xcassets in Resources */,
				5B52239E1C9FE30A0059875B /* Main.storyboard in Resources */,
			);
			runOnlyForDeploymentPostprocessing = 0;
		};
/* End PBXResourcesBuildPhase section */

/* Begin PBXSourcesBuildPhase section */
		5B52238C1C9FE30A0059875B /* Sources */ = {
			isa = PBXSourcesBuildPhase;
			buildActionMask = 2147483647;
			files = (
				5B1F8DA61CA0488E0036764D /* DatabaseQueue.m in Sources */,
				5B52239B1C9FE30A0059875B /* ViewController.m in Sources */,
				5B1F8DB01CA189E70036764D /* Record.m in Sources */,
				5B5223981C9FE30A0059875B /* AppDelegate.m in Sources */,
				5B1F8DB91CA18A200036764D /* Record+DQL.m in Sources */,
				5B1F8DA91CA057780036764D /* Database+Transaction.m in Sources */,
				5B25540D1CA2F29A004A5D74 /* Record+Additions.m in Sources */,
				5B1F8DB31CA189FE0036764D /* Record+DDL.m in Sources */,
				5B1F8DB61CA18A140036764D /* Record+DML.m in Sources */,
				5B1F8DC41CA19F760036764D /* Person.m in Sources */,
				5B1F8DCB1CA2B3390036764D /* NSObject+Record.m in Sources */,
				5B5223AD1C9FE8180059875B /* Database.m in Sources */,
				5B5223951C9FE30A0059875B /* main.m in Sources */,
				5B1F8DBD1CA18D9A0036764D /* DatabaseDAO.m in Sources */,
			);
			runOnlyForDeploymentPostprocessing = 0;
		};
/* End PBXSourcesBuildPhase section */

/* Begin PBXVariantGroup section */
		5B52239C1C9FE30A0059875B /* Main.storyboard */ = {
			isa = PBXVariantGroup;
			children = (
				5B52239D1C9FE30A0059875B /* Base */,
			);
			name = Main.storyboard;
			sourceTree = "<group>";
		};
		5B5223A11C9FE30A0059875B /* LaunchScreen.storyboard */ = {
			isa = PBXVariantGroup;
			children = (
				5B5223A21C9FE30A0059875B /* Base */,
			);
			name = LaunchScreen.storyboard;
			sourceTree = "<group>";
		};
/* End PBXVariantGroup section */

/* Begin XCBuildConfiguration section */
		5B5223A51C9FE30A0059875B /* Debug */ = {
			isa = XCBuildConfiguration;
			buildSettings = {
				ALWAYS_SEARCH_USER_PATHS = NO;
				CLANG_CXX_LANGUAGE_STANDARD = "gnu++0x";
				CLANG_CXX_LIBRARY = "libc++";
				CLANG_ENABLE_MODULES = YES;
				CLANG_ENABLE_OBJC_ARC = YES;
				CLANG_WARN_BOOL_CONVERSION = YES;
				CLANG_WARN_CONSTANT_CONVERSION = YES;
				CLANG_WARN_DIRECT_OBJC_ISA_USAGE = YES_ERROR;
				CLANG_WARN_EMPTY_BODY = YES;
				CLANG_WARN_ENUM_CONVERSION = YES;
				CLANG_WARN_INT_CONVERSION = YES;
				CLANG_WARN_OBJC_ROOT_CLASS = YES_ERROR;
				CLANG_WARN_UNREACHABLE_CODE = YES;
				CLANG_WARN__DUPLICATE_METHOD_MATCH = YES;
				"CODE_SIGN_IDENTITY[sdk=iphoneos*]" = "iPhone Developer";
				COPY_PHASE_STRIP = NO;
				DEBUG_INFORMATION_FORMAT = dwarf;
				ENABLE_STRICT_OBJC_MSGSEND = YES;
				ENABLE_TESTABILITY = YES;
				GCC_C_LANGUAGE_STANDARD = gnu99;
				GCC_DYNAMIC_NO_PIC = NO;
				GCC_NO_COMMON_BLOCKS = YES;
				GCC_OPTIMIZATION_LEVEL = 0;
				GCC_PREPROCESSOR_DEFINITIONS = (
					"DEBUG=1",
					"$(inherited)",
				);
				GCC_WARN_64_TO_32_BIT_CONVERSION = YES;
				GCC_WARN_ABOUT_RETURN_TYPE = YES_ERROR;
				GCC_WARN_UNDECLARED_SELECTOR = YES;
				GCC_WARN_UNINITIALIZED_AUTOS = YES_AGGRESSIVE;
				GCC_WARN_UNUSED_FUNCTION = YES;
				GCC_WARN_UNUSED_VARIABLE = YES;
				IPHONEOS_DEPLOYMENT_TARGET = 9.2;
				MTL_ENABLE_DEBUG_INFO = YES;
				ONLY_ACTIVE_ARCH = YES;
				SDKROOT = iphoneos;
				TARGETED_DEVICE_FAMILY = "1,2";
			};
			name = Debug;
		};
		5B5223A61C9FE30A0059875B /* Release */ = {
			isa = XCBuildConfiguration;
			buildSettings = {
				ALWAYS_SEARCH_USER_PATHS = NO;
				CLANG_CXX_LANGUAGE_STANDARD = "gnu++0x";
				CLANG_CXX_LIBRARY = "libc++";
				CLANG_ENABLE_MODULES = YES;
				CLANG_ENABLE_OBJC_ARC = YES;
				CLANG_WARN_BOOL_CONVERSION = YES;
				CLANG_WARN_CONSTANT_CONVERSION = YES;
				CLANG_WARN_DIRECT_OBJC_ISA_USAGE = YES_ERROR;
				CLANG_WARN_EMPTY_BODY = YES;
				CLANG_WARN_ENUM_CONVERSION = YES;
				CLANG_WARN_INT_CONVERSION = YES;
				CLANG_WARN_OBJC_ROOT_CLASS = YES_ERROR;
				CLANG_WARN_UNREACHABLE_CODE = YES;
				CLANG_WARN__DUPLICATE_METHOD_MATCH = YES;
				"CODE_SIGN_IDENTITY[sdk=iphoneos*]" = "iPhone Developer";
				COPY_PHASE_STRIP = NO;
				DEBUG_INFORMATION_FORMAT = "dwarf-with-dsym";
				ENABLE_NS_ASSERTIONS = NO;
				ENABLE_STRICT_OBJC_MSGSEND = YES;
				GCC_C_LANGUAGE_STANDARD = gnu99;
				GCC_NO_COMMON_BLOCKS = YES;
				GCC_WARN_64_TO_32_BIT_CONVERSION = YES;
				GCC_WARN_ABOUT_RETURN_TYPE = YES_ERROR;
				GCC_WARN_UNDECLARED_SELECTOR = YES;
				GCC_WARN_UNINITIALIZED_AUTOS = YES_AGGRESSIVE;
				GCC_WARN_UNUSED_FUNCTION = YES;
				GCC_WARN_UNUSED_VARIABLE = YES;
				IPHONEOS_DEPLOYMENT_TARGET = 9.2;
				MTL_ENABLE_DEBUG_INFO = NO;
				SDKROOT = iphoneos;
				TARGETED_DEVICE_FAMILY = "1,2";
				VALIDATE_PRODUCT = YES;
			};
			name = Release;
		};
		5B5223A81C9FE30A0059875B /* Debug */ = {
			isa = XCBuildConfiguration;
			buildSettings = {
				ASSETCATALOG_COMPILER_APPICON_NAME = AppIcon;
				INFOPLIST_FILE = Database/Info.plist;
				LD_RUNPATH_SEARCH_PATHS = "$(inherited) @executable_path/Frameworks";
				PRODUCT_BUNDLE_IDENTIFIER = com.pingan.Database;
				PRODUCT_NAME = "$(TARGET_NAME)";
			};
			name = Debug;
		};
		5B5223A91C9FE30A0059875B /* Release */ = {
			isa = XCBuildConfiguration;
			buildSettings = {
				ASSETCATALOG_COMPILER_APPICON_NAME = AppIcon;
				INFOPLIST_FILE = Database/Info.plist;
				LD_RUNPATH_SEARCH_PATHS = "$(inherited) @executable_path/Frameworks";
				PRODUCT_BUNDLE_IDENTIFIER = com.pingan.Database;
				PRODUCT_NAME = "$(TARGET_NAME)";
			};
			name = Release;
		};
/* End XCBuildConfiguration section */

/* Begin XCConfigurationList section */
		5B52238B1C9FE30A0059875B /* Build configuration list for PBXProject "Database" */ = {
			isa = XCConfigurationList;
			buildConfigurations = (
				5B5223A51C9FE30A0059875B /* Debug */,
				5B5223A61C9FE30A0059875B /* Release */,
			);
			defaultConfigurationIsVisible = 0;
			defaultConfigurationName = Release;
		};
		5B5223A71C9FE30A0059875B /* Build configuration list for PBXNativeTarget "Database" */ = {
			isa = XCConfigurationList;
			buildConfigurations = (
				5B5223A81C9FE30A0059875B /* Debug */,
				5B5223A91C9FE30A0059875B /* Release */,
			);
			defaultConfigurationIsVisible = 0;
			defaultConfigurationName = Release;
		};
/* End XCConfigurationList section */
	};
	rootObject = 5B5223881C9FE30A0059875B /* Project object */;
}
